
Microsoft Visual Studio Solution File, Format Version 12.00
# Visual Studio 2012
Project("{FAE04EC0-301F-11D3-BF4B-00C04F79EFBC}") = "QuizWeb", "QuizWeb\QuizWeb.csproj", "{436CB575-FA9D-4D47-B10D-9BA4BDC67081}"
EndProject
Project("{FAE04EC0-301F-11D3-BF4B-00C04F79EFBC}") = "Core", "Core\Core.csproj", "{7B798EBB-F3FB-48BA-9CCD-8E85F9100945}"
EndProject
Global
	GlobalSection(SolutionConfigurationPlatforms) = preSolution
		Debug|Any CPU = Debug|Any CPU
		Release|Any CPU = Release|Any CPU
	EndGlobalSection
	GlobalSection(ProjectConfigurationPlatforms) = postSolution
		{436CB575-FA9D-4D47-B10D-9BA4BDC67081}.Debug|Any CPU.ActiveCfg = Debug|Any CPU
		{436CB575-FA9D-4D47-B10D-9BA4BDC67081}.Debug|Any CPU.Build.0 = Debug|Any CPU
		{436CB575-FA9D-4D47-B10D-9BA4BDC67081}.Release|Any CPU.ActiveCfg = Release|Any CPU
		{436CB575-FA9D-4D47-B10D-9BA4BDC67081}.Release|Any CPU.Build.0 = Release|Any CPU
		{7B798EBB-F3FB-48BA-9CCD-8E85F9100945}.Debug|Any CPU.ActiveCfg = Debug|Any CPU
		{7B798EBB-F3FB-48BA-9CCD-8E85F9100945}.Debug|Any CPU.Build.0 = Debug|Any CPU
		{7B798EBB-F3FB-48BA-9CCD-8E85F9100945}.Release|Any CPU.ActiveCfg = Release|Any CPU
		{7B798EBB-F3FB-48BA-9CCD-8E85F9100945}.Release|Any CPU.Build.0 = Release|Any CPU
	EndGlobalSection
	GlobalSection(SolutionProperties) = preSolution
		HideSolutionNode = FALSE
	EndGlobalSection
EndGlobal
